
Microsoft Visual Studio Solution File, Format Version 12.00
# Visual Studio Version 17
VisualStudioVersion = 17.0.31903.59
MinimumVisualStudioVersion = 10.0.40219.1
Project("{2150E333-8FDC-42A3-9474-1A3956D46DE8}") = "src", "src", "{827E0CD3-B72D-47B6-A68D-7590B98EB39B}"
EndProject
Project("{FAE04EC0-301F-11D3-BF4B-00C04F79EFBC}") = "PrivacyConsent.Domain", "src\PrivacyConsent.Domain\PrivacyConsent.Domain.csproj", "{B705739E-101B-4151-9709-E2C70DBB679C}"
EndProject
Project("{FAE04EC0-301F-11D3-BF4B-00C04F79EFBC}") = "PrivacyConsent.Data", "src\PrivacyConsent.Data\PrivacyConsent.Data.csproj", "{405BA8A1-1339-49D1-88C9-B414116181EA}"
EndProject
Project("{FAE04EC0-301F-11D3-BF4B-00C04F79EFBC}") = "PrivacyConsent.Infrastructure", "src\PrivacyConsent.Infrastructure\PrivacyConsent.Infrastructure.csproj", "{5BDD3074-4464-454B-BDAF-F65B7340E801}"
EndProject
Project("{FAE04EC0-301F-11D3-BF4B-00C04F79EFBC}") = "PrivacyService.Api", "src\PrivacyService.Api\PrivacyService.Api.csproj", "{F8F6A57B-011F-4DF6-B5C6-55C226566C3C}"
EndProject
Project("{FAE04EC0-301F-11D3-BF4B-00C04F79EFBC}") = "ConsentEnricher.Worker", "src\ConsentEnricher.Worker\ConsentEnricher.Worker.csproj", "{EE26457C-B272-419C-A6A7-3A82813F5D6A}"
EndProject
Project("{2150E333-8FDC-42A3-9474-1A3956D46DE8}") = "tests", "tests", "{0AB3BF05-4346-4AA6-1389-037BE0695223}"
EndProject
Project("{FAE04EC0-301F-11D3-BF4B-00C04F79EFBC}") = "PrivacyService.Api.Tests", "tests\PrivacyService.Api.Tests\PrivacyService.Api.Tests.csproj", "{A05D138E-FA38-422F-8AA4-339BF4A452D6}"
EndProject
Project("{FAE04EC0-301F-11D3-BF4B-00C04F79EFBC}") = "ConsentEnricher.Worker.Tests", "tests\ConsentEnricher.Worker.Tests\ConsentEnricher.Worker.Tests.csproj", "{A445EBC7-8DD2-4DFC-8201-02F823150127}"
EndProject
Project("{FAE04EC0-301F-11D3-BF4B-00C04F79EFBC}") = "PrivacyConsent.Data.Tests", "tests\PrivacyConsent.Data.Tests\PrivacyConsent.Data.Tests.csproj", "{FA8050EF-648B-4EBA-A920-40F129F03C4B}"
EndProject
Project("{FAE04EC0-301F-11D3-BF4B-00C04F79EFBC}") = "TestUtilities", "tests\TestUtilities\TestUtilities.csproj", "{23E1286B-5AA1-470C-9CAC-431857BCD7F7}"
EndProject
Global
	GlobalSection(SolutionConfigurationPlatforms) = preSolution
		Debug|Any CPU = Debug|Any CPU
		Debug|x64 = Debug|x64
		Debug|x86 = Debug|x86
		Release|Any CPU = Release|Any CPU
		Release|x64 = Release|x64
		Release|x86 = Release|x86
	EndGlobalSection
	GlobalSection(ProjectConfigurationPlatforms) = postSolution
		{B705739E-101B-4151-9709-E2C70DBB679C}.Debug|Any CPU.ActiveCfg = Debug|Any CPU
		{B705739E-101B-4151-9709-E2C70DBB679C}.Debug|Any CPU.Build.0 = Debug|Any CPU
		{B705739E-101B-4151-9709-E2C70DBB679C}.Debug|x64.ActiveCfg = Debug|Any CPU
		{B705739E-101B-4151-9709-E2C70DBB679C}.Debug|x64.Build.0 = Debug|Any CPU
		{B705739E-101B-4151-9709-E2C70DBB679C}.Debug|x86.ActiveCfg = Debug|Any CPU
		{B705739E-101B-4151-9709-E2C70DBB679C}.Debug|x86.Build.0 = Debug|Any CPU
		{B705739E-101B-4151-9709-E2C70DBB679C}.Release|Any CPU.ActiveCfg = Release|Any CPU
		{B705739E-101B-4151-9709-E2C70DBB679C}.Release|Any CPU.Build.0 = Release|Any CPU
		{B705739E-101B-4151-9709-E2C70DBB679C}.Release|x64.ActiveCfg = Release|Any CPU
		{B705739E-101B-4151-9709-E2C70DBB679C}.Release|x64.Build.0 = Release|Any CPU
		{B705739E-101B-4151-9709-E2C70DBB679C}.Release|x86.ActiveCfg = Release|Any CPU
		{B705739E-101B-4151-9709-E2C70DBB679C}.Release|x86.Build.0 = Release|Any CPU
		{405BA8A1-1339-49D1-88C9-B414116181EA}.Debug|Any CPU.ActiveCfg = Debug|Any CPU
		{405BA8A1-1339-49D1-88C9-B414116181EA}.Debug|Any CPU.Build.0 = Debug|Any CPU
		{405BA8A1-1339-49D1-88C9-B414116181EA}.Debug|x64.ActiveCfg = Debug|Any CPU
		{405BA8A1-1339-49D1-88C9-B414116181EA}.Debug|x64.Build.0 = Debug|Any CPU
		{405BA8A1-1339-49D1-88C9-B414116181EA}.Debug|x86.ActiveCfg = Debug|Any CPU
		{405BA8A1-1339-49D1-88C9-B414116181EA}.Debug|x86.Build.0 = Debug|Any CPU
		{405BA8A1-1339-49D1-88C9-B414116181EA}.Release|Any CPU.ActiveCfg = Release|Any CPU
		{405BA8A1-1339-49D1-88C9-B414116181EA}.Release|Any CPU.Build.0 = Release|Any CPU
		{405BA8A1-1339-49D1-88C9-B414116181EA}.Release|x64.ActiveCfg = Release|Any CPU
		{405BA8A1-1339-49D1-88C9-B414116181EA}.Release|x64.Build.0 = Release|Any CPU
		{405BA8A1-1339-49D1-88C9-B414116181EA}.Release|x86.ActiveCfg = Release|Any CPU
		{405BA8A1-1339-49D1-88C9-B414116181EA}.Release|x86.Build.0 = Release|Any CPU
		{5BDD3074-4464-454B-BDAF-F65B7340E801}.Debug|Any CPU.ActiveCfg = Debug|Any CPU
		{5BDD3074-4464-454B-BDAF-F65B7340E801}.Debug|Any CPU.Build.0 = Debug|Any CPU
		{5BDD3074-4464-454B-BDAF-F65B7340E801}.Debug|x64.ActiveCfg = Debug|Any CPU
		{5BDD3074-4464-454B-BDAF-F65B7340E801}.Debug|x64.Build.0 = Debug|Any CPU
		{5BDD3074-4464-454B-BDAF-F65B7340E801}.Debug|x86.ActiveCfg = Debug|Any CPU
		{5BDD3074-4464-454B-BDAF-F65B7340E801}.Debug|x86.Build.0 = Debug|Any CPU
		{5BDD3074-4464-454B-BDAF-F65B7340E801}.Release|Any CPU.ActiveCfg = Release|Any CPU
		{5BDD3074-4464-454B-BDAF-F65B7340E801}.Release|Any CPU.Build.0 = Release|Any CPU
		{5BDD3074-4464-454B-BDAF-F65B7340E801}.Release|x64.ActiveCfg = Release|Any CPU
		{5BDD3074-4464-454B-BDAF-F65B7340E801}.Release|x64.Build.0 = Release|Any CPU
		{5BDD3074-4464-454B-BDAF-F65B7340E801}.Release|x86.ActiveCfg = Release|Any CPU
		{5BDD3074-4464-454B-BDAF-F65B7340E801}.Release|x86.Build.0 = Release|Any CPU
		{F8F6A57B-011F-4DF6-B5C6-55C226566C3C}.Debug|Any CPU.ActiveCfg = Debug|Any CPU
		{F8F6A57B-011F-4DF6-B5C6-55C226566C3C}.Debug|Any CPU.Build.0 = Debug|Any CPU
		{F8F6A57B-011F-4DF6-B5C6-55C226566C3C}.Debug|x64.ActiveCfg = Debug|Any CPU
		{F8F6A57B-011F-4DF6-B5C6-55C226566C3C}.Debug|x64.Build.0 = Debug|Any CPU
		{F8F6A57B-011F-4DF6-B5C6-55C226566C3C}.Debug|x86.ActiveCfg = Debug|Any CPU
		{F8F6A57B-011F-4DF6-B5C6-55C226566C3C}.Debug|x86.Build.0 = Debug|Any CPU
		{F8F6A57B-011F-4DF6-B5C6-55C226566C3C}.Release|Any CPU.ActiveCfg = Release|Any CPU
		{F8F6A57B-011F-4DF6-B5C6-55C226566C3C}.Release|Any CPU.Build.0 = Release|Any CPU
		{F8F6A57B-011F-4DF6-B5C6-55C226566C3C}.Release|x64.ActiveCfg = Release|Any CPU
		{F8F6A57B-011F-4DF6-B5C6-55C226566C3C}.Release|x64.Build.0 = Release|Any CPU
		{F8F6A57B-011F-4DF6-B5C6-55C226566C3C}.Release|x86.ActiveCfg = Release|Any CPU
		{F8F6A57B-011F-4DF6-B5C6-55C226566C3C}.Release|x86.Build.0 = Release|Any CPU
		{EE26457C-B272-419C-A6A7-3A82813F5D6A}.Debug|Any CPU.ActiveCfg = Debug|Any CPU
		{EE26457C-B272-419C-A6A7-3A82813F5D6A}.Debug|Any CPU.Build.0 = Debug|Any CPU
		{EE26457C-B272-419C-A6A7-3A82813F5D6A}.Debug|x64.ActiveCfg = Debug|Any CPU
		{EE26457C-B272-419C-A6A7-3A82813F5D6A}.Debug|x64.Build.0 = Debug|Any CPU
		{EE26457C-B272-419C-A6A7-3A82813F5D6A}.Debug|x86.ActiveCfg = Debug|Any CPU
		{EE26457C-B272-419C-A6A7-3A82813F5D6A}.Debug|x86.Build.0 = Debug|Any CPU
		{EE26457C-B272-419C-A6A7-3A82813F5D6A}.Release|Any CPU.ActiveCfg = Release|Any CPU
		{EE26457C-B272-419C-A6A7-3A82813F5D6A}.Release|Any CPU.Build.0 = Release|Any CPU
		{EE26457C-B272-419C-A6A7-3A82813F5D6A}.Release|x64.ActiveCfg = Release|Any CPU
		{EE26457C-B272-419C-A6A7-3A82813F5D6A}.Release|x64.Build.0 = Release|Any CPU
		{EE26457C-B272-419C-A6A7-3A82813F5D6A}.Release|x86.ActiveCfg = Release|Any CPU
		{EE26457C-B272-419C-A6A7-3A82813F5D6A}.Release|x86.Build.0 = Release|Any CPU
		{A05D138E-FA38-422F-8AA4-339BF4A452D6}.Debug|Any CPU.ActiveCfg = Debug|Any CPU
		{A05D138E-FA38-422F-8AA4-339BF4A452D6}.Debug|Any CPU.Build.0 = Debug|Any CPU
		{A05D138E-FA38-422F-8AA4-339BF4A452D6}.Debug|x64.ActiveCfg = Debug|Any CPU
		{A05D138E-FA38-422F-8AA4-339BF4A452D6}.Debug|x64.Build.0 = Debug|Any CPU
		{A05D138E-FA38-422F-8AA4-339BF4A452D6}.Debug|x86.ActiveCfg = Debug|Any CPU
		{A05D138E-FA38-422F-8AA4-339BF4A452D6}.Debug|x86.Build.0 = Debug|Any CPU
		{A05D138E-FA38-422F-8AA4-339BF4A452D6}.Release|Any CPU.ActiveCfg = Release|Any CPU
		{A05D138E-FA38-422F-8AA4-339BF4A452D6}.Release|Any CPU.Build.0 = Release|Any CPU
		{A05D138E-FA38-422F-8AA4-339BF4A452D6}.Release|x64.ActiveCfg = Release|Any CPU
		{A05D138E-FA38-422F-8AA4-339BF4A452D6}.Release|x64.Build.0 = Release|Any CPU
		{A05D138E-FA38-422F-8AA4-339BF4A452D6}.Release|x86.ActiveCfg = Release|Any CPU
		{A05D138E-FA38-422F-8AA4-339BF4A452D6}.Release|x86.Build.0 = Release|Any CPU
		{A445EBC7-8DD2-4DFC-8201-02F823150127}.Debug|Any CPU.ActiveCfg = Debug|Any CPU
		{A445EBC7-8DD2-4DFC-8201-02F823150127}.Debug|Any CPU.Build.0 = Debug|Any CPU
		{A445EBC7-8DD2-4DFC-8201-02F823150127}.Debug|x64.ActiveCfg = Debug|Any CPU
		{A445EBC7-8DD2-4DFC-8201-02F823150127}.Debug|x64.Build.0 = Debug|Any CPU
		{A445EBC7-8DD2-4DFC-8201-02F823150127}.Debug|x86.ActiveCfg = Debug|Any CPU
		{A445EBC7-8DD2-4DFC-8201-02F823150127}.Debug|x86.Build.0 = Debug|Any CPU
		{A445EBC7-8DD2-4DFC-8201-02F823150127}.Release|Any CPU.ActiveCfg = Release|Any CPU
		{A445EBC7-8DD2-4DFC-8201-02F823150127}.Release|Any CPU.Build.0 = Release|Any CPU
		{A445EBC7-8DD2-4DFC-8201-02F823150127}.Release|x64.ActiveCfg = Release|Any CPU
		{A445EBC7-8DD2-4DFC-8201-02F823150127}.Release|x64.Build.0 = Release|Any CPU
		{A445EBC7-8DD2-4DFC-8201-02F823150127}.Release|x86.ActiveCfg = Release|Any CPU
		{A445EBC7-8DD2-4DFC-8201-02F823150127}.Release|x86.Build.0 = Release|Any CPU
		{FA8050EF-648B-4EBA-A920-40F129F03C4B}.Debug|Any CPU.ActiveCfg = Debug|Any CPU
		{FA8050EF-648B-4EBA-A920-40F129F03C4B}.Debug|Any CPU.Build.0 = Debug|Any CPU
		{FA8050EF-648B-4EBA-A920-40F129F03C4B}.Debug|x64.ActiveCfg = Debug|Any CPU
		{FA8050EF-648B-4EBA-A920-40F129F03C4B}.Debug|x64.Build.0 = Debug|Any CPU
		{FA8050EF-648B-4EBA-A920-40F129F03C4B}.Debug|x86.ActiveCfg = Debug|Any CPU
		{FA8050EF-648B-4EBA-A920-40F129F03C4B}.Debug|x86.Build.0 = Debug|Any CPU
		{FA8050EF-648B-4EBA-A920-40F129F03C4B}.Release|Any CPU.ActiveCfg = Release|Any CPU
		{FA8050EF-648B-4EBA-A920-40F129F03C4B}.Release|Any CPU.Build.0 = Release|Any CPU
		{FA8050EF-648B-4EBA-A920-40F129F03C4B}.Release|x64.ActiveCfg = Release|Any CPU
		{FA8050EF-648B-4EBA-A920-40F129F03C4B}.Release|x64.Build.0 = Release|Any CPU
		{FA8050EF-648B-4EBA-A920-40F129F03C4B}.Release|x86.ActiveCfg = Release|Any CPU
		{FA8050EF-648B-4EBA-A920-40F129F03C4B}.Release|x86.Build.0 = Release|Any CPU
		{23E1286B-5AA1-470C-9CAC-431857BCD7F7}.Debug|Any CPU.ActiveCfg = Debug|Any CPU
		{23E1286B-5AA1-470C-9CAC-431857BCD7F7}.Debug|Any CPU.Build.0 = Debug|Any CPU
		{23E1286B-5AA1-470C-9CAC-431857BCD7F7}.Debug|x64.ActiveCfg = Debug|Any CPU
		{23E1286B-5AA1-470C-9CAC-431857BCD7F7}.Debug|x64.Build.0 = Debug|Any CPU
		{23E1286B-5AA1-470C-9CAC-431857BCD7F7}.Debug|x86.ActiveCfg = Debug|Any CPU
		{23E1286B-5AA1-470C-9CAC-431857BCD7F7}.Debug|x86.Build.0 = Debug|Any CPU
		{23E1286B-5AA1-470C-9CAC-431857BCD7F7}.Release|Any CPU.ActiveCfg = Release|Any CPU
		{23E1286B-5AA1-470C-9CAC-431857BCD7F7}.Release|Any CPU.Build.0 = Release|Any CPU
		{23E1286B-5AA1-470C-9CAC-431857BCD7F7}.Release|x64.ActiveCfg = Release|Any CPU
		{23E1286B-5AA1-470C-9CAC-431857BCD7F7}.Release|x64.Build.0 = Release|Any CPU
		{23E1286B-5AA1-470C-9CAC-431857BCD7F7}.Release|x86.ActiveCfg = Release|Any CPU
		{23E1286B-5AA1-470C-9CAC-431857BCD7F7}.Release|x86.Build.0 = Release|Any CPU
	EndGlobalSection
	GlobalSection(SolutionProperties) = preSolution
		HideSolutionNode = FALSE
	EndGlobalSection
	GlobalSection(NestedProjects) = preSolution
		{B705739E-101B-4151-9709-E2C70DBB679C} = {827E0CD3-B72D-47B6-A68D-7590B98EB39B}
		{405BA8A1-1339-49D1-88C9-B414116181EA} = {827E0CD3-B72D-47B6-A68D-7590B98EB39B}
		{5BDD3074-4464-454B-BDAF-F65B7340E801} = {827E0CD3-B72D-47B6-A68D-7590B98EB39B}
		{F8F6A57B-011F-4DF6-B5C6-55C226566C3C} = {827E0CD3-B72D-47B6-A68D-7590B98EB39B}
		{EE26457C-B272-419C-A6A7-3A82813F5D6A} = {827E0CD3-B72D-47B6-A68D-7590B98EB39B}
		{A05D138E-FA38-422F-8AA4-339BF4A452D6} = {0AB3BF05-4346-4AA6-1389-037BE0695223}
		{A445EBC7-8DD2-4DFC-8201-02F823150127} = {0AB3BF05-4346-4AA6-1389-037BE0695223}
		{FA8050EF-648B-4EBA-A920-40F129F03C4B} = {0AB3BF05-4346-4AA6-1389-037BE0695223}
		{23E1286B-5AA1-470C-9CAC-431857BCD7F7} = {0AB3BF05-4346-4AA6-1389-037BE0695223}
	EndGlobalSection
EndGlobal
